
Microsoft Visual Studio Solution File, Format Version 12.00
# Visual Studio Version 17
VisualStudioVersion = 17.0.31919.166
MinimumVisualStudioVersion = 10.0.40219.1
Project("{FAE04EC0-301F-11D3-BF4B-00C04F79EFBC}") = "Rotate90Deg", "Rotate90Deg.csproj", "{21C8FFD1-F010-47AF-9778-CD105547F22C}"
EndProject
Global
	GlobalSection(SolutionConfigurationPlatforms) = preSolution
		Debug|Any CPU = Debug|Any CPU
		Release|Any CPU = Release|Any CPU
	EndGlobalSection
	GlobalSection(ProjectConfigurationPlatforms) = postSolution
		{21C8FFD1-F010-47AF-9778-CD105547F22C}.Debug|Any CPU.ActiveCfg = Debug|Any CPU
		{21C8FFD1-F010-47AF-9778-CD105547F22C}.Debug|Any CPU.Build.0 = Debug|Any CPU
		{21C8FFD1-F010-47AF-9778-CD105547F22C}.Release|Any CPU.ActiveCfg = Release|Any CPU
		{21C8FFD1-F010-47AF-9778-CD105547F22C}.Release|Any CPU.Build.0 = Release|Any CPU
	EndGlobalSection
	GlobalSection(SolutionProperties) = preSolution
		HideSolutionNode = FALSE
	EndGlobalSection
	GlobalSection(ExtensibilityGlobals) = postSolution
		SolutionGuid = {1E5E8441-47B8-449F-BEE8-9FD82562DC62}
	EndGlobalSection
EndGlobal
